
Microsoft Visual Studio Solution File, Format Version 12.00
# Visual Studio Version 17
VisualStudioVersion = 17.0.31903.59
MinimumVisualStudioVersion = 10.0.40219.1
Project("{FAE04EC0-301F-11D3-BF4B-00C04F79EFBC}") = "MCP.Core", "MCP.Core\MCP.Core.csproj", "{425BC8B4-A439-4727-A176-A9D8BA2F6C5C}"
EndProject
Project("{FAE04EC0-301F-11D3-BF4B-00C04F79EFBC}") = "MCP.Connectors", "MCP.Connectors\MCP.Connectors.csproj", "{34EBBA2C-3724-4AC0-B580-B19328E2CE93}"
EndProject
Project("{FAE04EC0-301F-11D3-BF4B-00C04F79EFBC}") = "MCP.RAG", "MCP.RAG\MCP.RAG.csproj", "{352D5D2D-D2B1-4060-9522-689332A80D3E}"
EndProject
Project("{FAE04EC0-301F-11D3-BF4B-00C04F79EFBC}") = "MCP.DocumentAI", "MCP.DocumentAI\MCP.DocumentAI.csproj", "{F5559C60-1F19-48E6-A52B-43E05AA79702}"
EndProject
Project("{FAE04EC0-301F-11D3-BF4B-00C04F79EFBC}") = "MCP.Topology", "MCP.Topology\MCP.Topology.csproj", "{5AB8A6EE-115C-4831-BF28-0D85C9195B09}"
EndProject
Project("{FAE04EC0-301F-11D3-BF4B-00C04F79EFBC}") = "MCP.Orchestration", "MCP.Orchestration\MCP.Orchestration.csproj", "{4116C136-EC88-483A-B0EA-5832EBDB03FA}"
EndProject
Project("{FAE04EC0-301F-11D3-BF4B-00C04F79EFBC}") = "MCP.Caching", "MCP.Caching\MCP.Caching.csproj", "{197C327D-025B-4E51-98D9-F92F33452C9C}"
EndProject
Project("{FAE04EC0-301F-11D3-BF4B-00C04F79EFBC}") = "MCP.Shared", "MCP.Shared\MCP.Shared.csproj", "{1C6E2F8F-8374-4FDA-8B94-B021810BEF13}"
EndProject
Project("{FAE04EC0-301F-11D3-BF4B-00C04F79EFBC}") = "MCP.Host", "MCP.Host\MCP.Host.csproj", "{1311933E-0075-4262-B839-CFB0DAC8AA00}"
EndProject
Project("{2150E333-8FDC-42A3-9474-1A3956D46DE8}") = "MCP.UI", "MCP.UI", "{A18865C3-6676-2FA3-E463-E04DAAF66B2A}"
EndProject
Project("{2150E333-8FDC-42A3-9474-1A3956D46DE8}") = "Client", "Client", "{06B8B51C-1526-FD89-AAFF-842B7F90AFB8}"
EndProject
Project("{FAE04EC0-301F-11D3-BF4B-00C04F79EFBC}") = "MCP.UI.Client", "MCP.UI\Client\MCP.UI.Client.csproj", "{0CEB7B36-2DCC-4D6D-9449-3F889A4B2435}"
EndProject
Project("{2150E333-8FDC-42A3-9474-1A3956D46DE8}") = "Server", "Server", "{EA542C7E-94D2-199C-2323-03501866AC77}"
EndProject
Project("{FAE04EC0-301F-11D3-BF4B-00C04F79EFBC}") = "MCP.UI.Server", "MCP.UI\Server\MCP.UI.Server.csproj", "{192072C5-9F1E-46DA-A03B-5A09606FC2CA}"
EndProject
Project("{2150E333-8FDC-42A3-9474-1A3956D46DE8}") = "Shared", "Shared", "{5BAE4F9B-7175-3A91-9E28-C4FBCCE8D68B}"
EndProject
Project("{FAE04EC0-301F-11D3-BF4B-00C04F79EFBC}") = "MCP.UI.Shared", "MCP.UI\Shared\MCP.UI.Shared.csproj", "{EA18EA23-6761-486E-B296-BDD5C67E9DFB}"
EndProject
Project("{FAE04EC0-301F-11D3-BF4B-00C04F79EFBC}") = "MCP.AdminUI", "MCP.AdminUI\MCP.AdminUI.csproj", "{29E360A0-60D1-4BD6-B4DA-FB6A779CAEE8}"
EndProject
Project("{FAE04EC0-301F-11D3-BF4B-00C04F79EFBC}") = "MCP.Tests", "MCP.Tests\MCP.Tests.csproj", "{0A8034E8-E00B-45F9-B3EA-D72B613F92A7}"
EndProject
Project("{FAE04EC0-301F-11D3-BF4B-00C04F79EFBC}") = "MCP.AgentHost", "MCP.AgentHost\MCP.AgentHost.csproj", "{834866C2-3F9C-42CF-BE37-48EE4B8ADCFA}"
EndProject
Project("{FAE04EC0-301F-11D3-BF4B-00C04F79EFBC}") = "MCP.Itinerary", "MCP.Itinerary\MCP.Itinerary.csproj", "{F586F0B4-F27B-4559-8937-A1F4249D59A4}"
EndProject
Global
	GlobalSection(SolutionConfigurationPlatforms) = preSolution
		Debug|Any CPU = Debug|Any CPU
		Debug|x64 = Debug|x64
		Debug|x86 = Debug|x86
		Release|Any CPU = Release|Any CPU
		Release|x64 = Release|x64
		Release|x86 = Release|x86
	EndGlobalSection
	GlobalSection(ProjectConfigurationPlatforms) = postSolution
		{425BC8B4-A439-4727-A176-A9D8BA2F6C5C}.Debug|Any CPU.ActiveCfg = Debug|Any CPU
		{425BC8B4-A439-4727-A176-A9D8BA2F6C5C}.Debug|Any CPU.Build.0 = Debug|Any CPU
		{425BC8B4-A439-4727-A176-A9D8BA2F6C5C}.Debug|x64.ActiveCfg = Debug|Any CPU
		{425BC8B4-A439-4727-A176-A9D8BA2F6C5C}.Debug|x64.Build.0 = Debug|Any CPU
		{425BC8B4-A439-4727-A176-A9D8BA2F6C5C}.Debug|x86.ActiveCfg = Debug|Any CPU
		{425BC8B4-A439-4727-A176-A9D8BA2F6C5C}.Debug|x86.Build.0 = Debug|Any CPU
		{425BC8B4-A439-4727-A176-A9D8BA2F6C5C}.Release|Any CPU.ActiveCfg = Release|Any CPU
		{425BC8B4-A439-4727-A176-A9D8BA2F6C5C}.Release|Any CPU.Build.0 = Release|Any CPU
		{425BC8B4-A439-4727-A176-A9D8BA2F6C5C}.Release|x64.ActiveCfg = Release|Any CPU
		{425BC8B4-A439-4727-A176-A9D8BA2F6C5C}.Release|x64.Build.0 = Release|Any CPU
		{425BC8B4-A439-4727-A176-A9D8BA2F6C5C}.Release|x86.ActiveCfg = Release|Any CPU
		{425BC8B4-A439-4727-A176-A9D8BA2F6C5C}.Release|x86.Build.0 = Release|Any CPU
		{34EBBA2C-3724-4AC0-B580-B19328E2CE93}.Debug|Any CPU.ActiveCfg = Debug|Any CPU
		{34EBBA2C-3724-4AC0-B580-B19328E2CE93}.Debug|Any CPU.Build.0 = Debug|Any CPU
		{34EBBA2C-3724-4AC0-B580-B19328E2CE93}.Debug|x64.ActiveCfg = Debug|Any CPU
		{34EBBA2C-3724-4AC0-B580-B19328E2CE93}.Debug|x64.Build.0 = Debug|Any CPU
		{34EBBA2C-3724-4AC0-B580-B19328E2CE93}.Debug|x86.ActiveCfg = Debug|Any CPU
		{34EBBA2C-3724-4AC0-B580-B19328E2CE93}.Debug|x86.Build.0 = Debug|Any CPU
		{34EBBA2C-3724-4AC0-B580-B19328E2CE93}.Release|Any CPU.ActiveCfg = Release|Any CPU
		{34EBBA2C-3724-4AC0-B580-B19328E2CE93}.Release|Any CPU.Build.0 = Release|Any CPU
		{34EBBA2C-3724-4AC0-B580-B19328E2CE93}.Release|x64.ActiveCfg = Release|Any CPU
		{34EBBA2C-3724-4AC0-B580-B19328E2CE93}.Release|x64.Build.0 = Release|Any CPU
		{34EBBA2C-3724-4AC0-B580-B19328E2CE93}.Release|x86.ActiveCfg = Release|Any CPU
		{34EBBA2C-3724-4AC0-B580-B19328E2CE93}.Release|x86.Build.0 = Release|Any CPU
		{352D5D2D-D2B1-4060-9522-689332A80D3E}.Debug|Any CPU.ActiveCfg = Debug|Any CPU
		{352D5D2D-D2B1-4060-9522-689332A80D3E}.Debug|Any CPU.Build.0 = Debug|Any CPU
		{352D5D2D-D2B1-4060-9522-689332A80D3E}.Debug|x64.ActiveCfg = Debug|Any CPU
		{352D5D2D-D2B1-4060-9522-689332A80D3E}.Debug|x64.Build.0 = Debug|Any CPU
		{352D5D2D-D2B1-4060-9522-689332A80D3E}.Debug|x86.ActiveCfg = Debug|Any CPU
		{352D5D2D-D2B1-4060-9522-689332A80D3E}.Debug|x86.Build.0 = Debug|Any CPU
		{352D5D2D-D2B1-4060-9522-689332A80D3E}.Release|Any CPU.ActiveCfg = Release|Any CPU
		{352D5D2D-D2B1-4060-9522-689332A80D3E}.Release|Any CPU.Build.0 = Release|Any CPU
		{352D5D2D-D2B1-4060-9522-689332A80D3E}.Release|x64.ActiveCfg = Release|Any CPU
		{352D5D2D-D2B1-4060-9522-689332A80D3E}.Release|x64.Build.0 = Release|Any CPU
		{352D5D2D-D2B1-4060-9522-689332A80D3E}.Release|x86.ActiveCfg = Release|Any CPU
		{352D5D2D-D2B1-4060-9522-689332A80D3E}.Release|x86.Build.0 = Release|Any CPU
		{F5559C60-1F19-48E6-A52B-43E05AA79702}.Debug|Any CPU.ActiveCfg = Debug|Any CPU
		{F5559C60-1F19-48E6-A52B-43E05AA79702}.Debug|Any CPU.Build.0 = Debug|Any CPU
		{F5559C60-1F19-48E6-A52B-43E05AA79702}.Debug|x64.ActiveCfg = Debug|Any CPU
		{F5559C60-1F19-48E6-A52B-43E05AA79702}.Debug|x64.Build.0 = Debug|Any CPU
		{F5559C60-1F19-48E6-A52B-43E05AA79702}.Debug|x86.ActiveCfg = Debug|Any CPU
		{F5559C60-1F19-48E6-A52B-43E05AA79702}.Debug|x86.Build.0 = Debug|Any CPU
		{F5559C60-1F19-48E6-A52B-43E05AA79702}.Release|Any CPU.ActiveCfg = Release|Any CPU
		{F5559C60-1F19-48E6-A52B-43E05AA79702}.Release|Any CPU.Build.0 = Release|Any CPU
		{F5559C60-1F19-48E6-A52B-43E05AA79702}.Release|x64.ActiveCfg = Release|Any CPU
		{F5559C60-1F19-48E6-A52B-43E05AA79702}.Release|x64.Build.0 = Release|Any CPU
		{F5559C60-1F19-48E6-A52B-43E05AA79702}.Release|x86.ActiveCfg = Release|Any CPU
		{F5559C60-1F19-48E6-A52B-43E05AA79702}.Release|x86.Build.0 = Release|Any CPU
		{5AB8A6EE-115C-4831-BF28-0D85C9195B09}.Debug|Any CPU.ActiveCfg = Debug|Any CPU
		{5AB8A6EE-115C-4831-BF28-0D85C9195B09}.Debug|Any CPU.Build.0 = Debug|Any CPU
		{5AB8A6EE-115C-4831-BF28-0D85C9195B09}.Debug|x64.ActiveCfg = Debug|Any CPU
		{5AB8A6EE-115C-4831-BF28-0D85C9195B09}.Debug|x64.Build.0 = Debug|Any CPU
		{5AB8A6EE-115C-4831-BF28-0D85C9195B09}.Debug|x86.ActiveCfg = Debug|Any CPU
		{5AB8A6EE-115C-4831-BF28-0D85C9195B09}.Debug|x86.Build.0 = Debug|Any CPU
		{5AB8A6EE-115C-4831-BF28-0D85C9195B09}.Release|Any CPU.ActiveCfg = Release|Any CPU
		{5AB8A6EE-115C-4831-BF28-0D85C9195B09}.Release|Any CPU.Build.0 = Release|Any CPU
		{5AB8A6EE-115C-4831-BF28-0D85C9195B09}.Release|x64.ActiveCfg = Release|Any CPU
		{5AB8A6EE-115C-4831-BF28-0D85C9195B09}.Release|x64.Build.0 = Release|Any CPU
		{5AB8A6EE-115C-4831-BF28-0D85C9195B09}.Release|x86.ActiveCfg = Release|Any CPU
		{5AB8A6EE-115C-4831-BF28-0D85C9195B09}.Release|x86.Build.0 = Release|Any CPU
		{4116C136-EC88-483A-B0EA-5832EBDB03FA}.Debug|Any CPU.ActiveCfg = Debug|Any CPU
		{4116C136-EC88-483A-B0EA-5832EBDB03FA}.Debug|Any CPU.Build.0 = Debug|Any CPU
		{4116C136-EC88-483A-B0EA-5832EBDB03FA}.Debug|x64.ActiveCfg = Debug|Any CPU
		{4116C136-EC88-483A-B0EA-5832EBDB03FA}.Debug|x64.Build.0 = Debug|Any CPU
		{4116C136-EC88-483A-B0EA-5832EBDB03FA}.Debug|x86.ActiveCfg = Debug|Any CPU
		{4116C136-EC88-483A-B0EA-5832EBDB03FA}.Debug|x86.Build.0 = Debug|Any CPU
		{4116C136-EC88-483A-B0EA-5832EBDB03FA}.Release|Any CPU.ActiveCfg = Release|Any CPU
		{4116C136-EC88-483A-B0EA-5832EBDB03FA}.Release|Any CPU.Build.0 = Release|Any CPU
		{4116C136-EC88-483A-B0EA-5832EBDB03FA}.Release|x64.ActiveCfg = Release|Any CPU
		{4116C136-EC88-483A-B0EA-5832EBDB03FA}.Release|x64.Build.0 = Release|Any CPU
		{4116C136-EC88-483A-B0EA-5832EBDB03FA}.Release|x86.ActiveCfg = Release|Any CPU
		{4116C136-EC88-483A-B0EA-5832EBDB03FA}.Release|x86.Build.0 = Release|Any CPU
		{197C327D-025B-4E51-98D9-F92F33452C9C}.Debug|Any CPU.ActiveCfg = Debug|Any CPU
		{197C327D-025B-4E51-98D9-F92F33452C9C}.Debug|Any CPU.Build.0 = Debug|Any CPU
		{197C327D-025B-4E51-98D9-F92F33452C9C}.Debug|x64.ActiveCfg = Debug|Any CPU
		{197C327D-025B-4E51-98D9-F92F33452C9C}.Debug|x64.Build.0 = Debug|Any CPU
		{197C327D-025B-4E51-98D9-F92F33452C9C}.Debug|x86.ActiveCfg = Debug|Any CPU
		{197C327D-025B-4E51-98D9-F92F33452C9C}.Debug|x86.Build.0 = Debug|Any CPU
		{197C327D-025B-4E51-98D9-F92F33452C9C}.Release|Any CPU.ActiveCfg = Release|Any CPU
		{197C327D-025B-4E51-98D9-F92F33452C9C}.Release|Any CPU.Build.0 = Release|Any CPU
		{197C327D-025B-4E51-98D9-F92F33452C9C}.Release|x64.ActiveCfg = Release|Any CPU
		{197C327D-025B-4E51-98D9-F92F33452C9C}.Release|x64.Build.0 = Release|Any CPU
		{197C327D-025B-4E51-98D9-F92F33452C9C}.Release|x86.ActiveCfg = Release|Any CPU
		{197C327D-025B-4E51-98D9-F92F33452C9C}.Release|x86.Build.0 = Release|Any CPU
		{1C6E2F8F-8374-4FDA-8B94-B021810BEF13}.Debug|Any CPU.ActiveCfg = Debug|Any CPU
		{1C6E2F8F-8374-4FDA-8B94-B021810BEF13}.Debug|Any CPU.Build.0 = Debug|Any CPU
		{1C6E2F8F-8374-4FDA-8B94-B021810BEF13}.Debug|x64.ActiveCfg = Debug|Any CPU
		{1C6E2F8F-8374-4FDA-8B94-B021810BEF13}.Debug|x64.Build.0 = Debug|Any CPU
		{1C6E2F8F-8374-4FDA-8B94-B021810BEF13}.Debug|x86.ActiveCfg = Debug|Any CPU
		{1C6E2F8F-8374-4FDA-8B94-B021810BEF13}.Debug|x86.Build.0 = Debug|Any CPU
		{1C6E2F8F-8374-4FDA-8B94-B021810BEF13}.Release|Any CPU.ActiveCfg = Release|Any CPU
		{1C6E2F8F-8374-4FDA-8B94-B021810BEF13}.Release|Any CPU.Build.0 = Release|Any CPU
		{1C6E2F8F-8374-4FDA-8B94-B021810BEF13}.Release|x64.ActiveCfg = Release|Any CPU
		{1C6E2F8F-8374-4FDA-8B94-B021810BEF13}.Release|x64.Build.0 = Release|Any CPU
		{1C6E2F8F-8374-4FDA-8B94-B021810BEF13}.Release|x86.ActiveCfg = Release|Any CPU
		{1C6E2F8F-8374-4FDA-8B94-B021810BEF13}.Release|x86.Build.0 = Release|Any CPU
		{1311933E-0075-4262-B839-CFB0DAC8AA00}.Debug|Any CPU.ActiveCfg = Debug|Any CPU
		{1311933E-0075-4262-B839-CFB0DAC8AA00}.Debug|Any CPU.Build.0 = Debug|Any CPU
		{1311933E-0075-4262-B839-CFB0DAC8AA00}.Debug|x64.ActiveCfg = Debug|Any CPU
		{1311933E-0075-4262-B839-CFB0DAC8AA00}.Debug|x64.Build.0 = Debug|Any CPU
		{1311933E-0075-4262-B839-CFB0DAC8AA00}.Debug|x86.ActiveCfg = Debug|Any CPU
		{1311933E-0075-4262-B839-CFB0DAC8AA00}.Debug|x86.Build.0 = Debug|Any CPU
		{1311933E-0075-4262-B839-CFB0DAC8AA00}.Release|Any CPU.ActiveCfg = Release|Any CPU
		{1311933E-0075-4262-B839-CFB0DAC8AA00}.Release|Any CPU.Build.0 = Release|Any CPU
		{1311933E-0075-4262-B839-CFB0DAC8AA00}.Release|x64.ActiveCfg = Release|Any CPU
		{1311933E-0075-4262-B839-CFB0DAC8AA00}.Release|x64.Build.0 = Release|Any CPU
		{1311933E-0075-4262-B839-CFB0DAC8AA00}.Release|x86.ActiveCfg = Release|Any CPU
		{1311933E-0075-4262-B839-CFB0DAC8AA00}.Release|x86.Build.0 = Release|Any CPU
		{0CEB7B36-2DCC-4D6D-9449-3F889A4B2435}.Debug|Any CPU.ActiveCfg = Debug|Any CPU
		{0CEB7B36-2DCC-4D6D-9449-3F889A4B2435}.Debug|Any CPU.Build.0 = Debug|Any CPU
		{0CEB7B36-2DCC-4D6D-9449-3F889A4B2435}.Debug|x64.ActiveCfg = Debug|Any CPU
		{0CEB7B36-2DCC-4D6D-9449-3F889A4B2435}.Debug|x64.Build.0 = Debug|Any CPU
		{0CEB7B36-2DCC-4D6D-9449-3F889A4B2435}.Debug|x86.ActiveCfg = Debug|Any CPU
		{0CEB7B36-2DCC-4D6D-9449-3F889A4B2435}.Debug|x86.Build.0 = Debug|Any CPU
		{0CEB7B36-2DCC-4D6D-9449-3F889A4B2435}.Release|Any CPU.ActiveCfg = Release|Any CPU
		{0CEB7B36-2DCC-4D6D-9449-3F889A4B2435}.Release|Any CPU.Build.0 = Release|Any CPU
		{0CEB7B36-2DCC-4D6D-9449-3F889A4B2435}.Release|x64.ActiveCfg = Release|Any CPU
		{0CEB7B36-2DCC-4D6D-9449-3F889A4B2435}.Release|x64.Build.0 = Release|Any CPU
		{0CEB7B36-2DCC-4D6D-9449-3F889A4B2435}.Release|x86.ActiveCfg = Release|Any CPU
		{0CEB7B36-2DCC-4D6D-9449-3F889A4B2435}.Release|x86.Build.0 = Release|Any CPU
		{192072C5-9F1E-46DA-A03B-5A09606FC2CA}.Debug|Any CPU.ActiveCfg = Debug|Any CPU
		{192072C5-9F1E-46DA-A03B-5A09606FC2CA}.Debug|Any CPU.Build.0 = Debug|Any CPU
		{192072C5-9F1E-46DA-A03B-5A09606FC2CA}.Debug|x64.ActiveCfg = Debug|Any CPU
		{192072C5-9F1E-46DA-A03B-5A09606FC2CA}.Debug|x64.Build.0 = Debug|Any CPU
		{192072C5-9F1E-46DA-A03B-5A09606FC2CA}.Debug|x86.ActiveCfg = Debug|Any CPU
		{192072C5-9F1E-46DA-A03B-5A09606FC2CA}.Debug|x86.Build.0 = Debug|Any CPU
		{192072C5-9F1E-46DA-A03B-5A09606FC2CA}.Release|Any CPU.ActiveCfg = Release|Any CPU
		{192072C5-9F1E-46DA-A03B-5A09606FC2CA}.Release|Any CPU.Build.0 = Release|Any CPU
		{192072C5-9F1E-46DA-A03B-5A09606FC2CA}.Release|x64.ActiveCfg = Release|Any CPU
		{192072C5-9F1E-46DA-A03B-5A09606FC2CA}.Release|x64.Build.0 = Release|Any CPU
		{192072C5-9F1E-46DA-A03B-5A09606FC2CA}.Release|x86.ActiveCfg = Release|Any CPU
		{192072C5-9F1E-46DA-A03B-5A09606FC2CA}.Release|x86.Build.0 = Release|Any CPU
		{EA18EA23-6761-486E-B296-BDD5C67E9DFB}.Debug|Any CPU.ActiveCfg = Debug|Any CPU
		{EA18EA23-6761-486E-B296-BDD5C67E9DFB}.Debug|Any CPU.Build.0 = Debug|Any CPU
		{EA18EA23-6761-486E-B296-BDD5C67E9DFB}.Debug|x64.ActiveCfg = Debug|Any CPU
		{EA18EA23-6761-486E-B296-BDD5C67E9DFB}.Debug|x64.Build.0 = Debug|Any CPU
		{EA18EA23-6761-486E-B296-BDD5C67E9DFB}.Debug|x86.ActiveCfg = Debug|Any CPU
		{EA18EA23-6761-486E-B296-BDD5C67E9DFB}.Debug|x86.Build.0 = Debug|Any CPU
		{EA18EA23-6761-486E-B296-BDD5C67E9DFB}.Release|Any CPU.ActiveCfg = Release|Any CPU
		{EA18EA23-6761-486E-B296-BDD5C67E9DFB}.Release|Any CPU.Build.0 = Release|Any CPU
		{EA18EA23-6761-486E-B296-BDD5C67E9DFB}.Release|x64.ActiveCfg = Release|Any CPU
		{EA18EA23-6761-486E-B296-BDD5C67E9DFB}.Release|x64.Build.0 = Release|Any CPU
		{EA18EA23-6761-486E-B296-BDD5C67E9DFB}.Release|x86.ActiveCfg = Release|Any CPU
		{EA18EA23-6761-486E-B296-BDD5C67E9DFB}.Release|x86.Build.0 = Release|Any CPU
		{29E360A0-60D1-4BD6-B4DA-FB6A779CAEE8}.Debug|Any CPU.ActiveCfg = Debug|Any CPU
		{29E360A0-60D1-4BD6-B4DA-FB6A779CAEE8}.Debug|Any CPU.Build.0 = Debug|Any CPU
		{29E360A0-60D1-4BD6-B4DA-FB6A779CAEE8}.Debug|x64.ActiveCfg = Debug|Any CPU
		{29E360A0-60D1-4BD6-B4DA-FB6A779CAEE8}.Debug|x64.Build.0 = Debug|Any CPU
		{29E360A0-60D1-4BD6-B4DA-FB6A779CAEE8}.Debug|x86.ActiveCfg = Debug|Any CPU
		{29E360A0-60D1-4BD6-B4DA-FB6A779CAEE8}.Debug|x86.Build.0 = Debug|Any CPU
		{29E360A0-60D1-4BD6-B4DA-FB6A779CAEE8}.Release|Any CPU.ActiveCfg = Release|Any CPU
		{29E360A0-60D1-4BD6-B4DA-FB6A779CAEE8}.Release|Any CPU.Build.0 = Release|Any CPU
		{29E360A0-60D1-4BD6-B4DA-FB6A779CAEE8}.Release|x64.ActiveCfg = Release|Any CPU
		{29E360A0-60D1-4BD6-B4DA-FB6A779CAEE8}.Release|x64.Build.0 = Release|Any CPU
		{29E360A0-60D1-4BD6-B4DA-FB6A779CAEE8}.Release|x86.ActiveCfg = Release|Any CPU
		{29E360A0-60D1-4BD6-B4DA-FB6A779CAEE8}.Release|x86.Build.0 = Release|Any CPU
		{0A8034E8-E00B-45F9-B3EA-D72B613F92A7}.Debug|Any CPU.ActiveCfg = Debug|Any CPU
		{0A8034E8-E00B-45F9-B3EA-D72B613F92A7}.Debug|Any CPU.Build.0 = Debug|Any CPU
		{0A8034E8-E00B-45F9-B3EA-D72B613F92A7}.Debug|x64.ActiveCfg = Debug|Any CPU
		{0A8034E8-E00B-45F9-B3EA-D72B613F92A7}.Debug|x64.Build.0 = Debug|Any CPU
		{0A8034E8-E00B-45F9-B3EA-D72B613F92A7}.Debug|x86.ActiveCfg = Debug|Any CPU
		{0A8034E8-E00B-45F9-B3EA-D72B613F92A7}.Debug|x86.Build.0 = Debug|Any CPU
		{0A8034E8-E00B-45F9-B3EA-D72B613F92A7}.Release|Any CPU.ActiveCfg = Release|Any CPU
		{0A8034E8-E00B-45F9-B3EA-D72B613F92A7}.Release|Any CPU.Build.0 = Release|Any CPU
		{0A8034E8-E00B-45F9-B3EA-D72B613F92A7}.Release|x64.ActiveCfg = Release|Any CPU
		{0A8034E8-E00B-45F9-B3EA-D72B613F92A7}.Release|x64.Build.0 = Release|Any CPU
		{0A8034E8-E00B-45F9-B3EA-D72B613F92A7}.Release|x86.ActiveCfg = Release|Any CPU
		{0A8034E8-E00B-45F9-B3EA-D72B613F92A7}.Release|x86.Build.0 = Release|Any CPU
		{834866C2-3F9C-42CF-BE37-48EE4B8ADCFA}.Debug|Any CPU.ActiveCfg = Debug|Any CPU
		{834866C2-3F9C-42CF-BE37-48EE4B8ADCFA}.Debug|Any CPU.Build.0 = Debug|Any CPU
		{834866C2-3F9C-42CF-BE37-48EE4B8ADCFA}.Debug|x64.ActiveCfg = Debug|Any CPU
		{834866C2-3F9C-42CF-BE37-48EE4B8ADCFA}.Debug|x64.Build.0 = Debug|Any CPU
		{834866C2-3F9C-42CF-BE37-48EE4B8ADCFA}.Debug|x86.ActiveCfg = Debug|Any CPU
		{834866C2-3F9C-42CF-BE37-48EE4B8ADCFA}.Debug|x86.Build.0 = Debug|Any CPU
		{834866C2-3F9C-42CF-BE37-48EE4B8ADCFA}.Release|Any CPU.ActiveCfg = Release|Any CPU
		{834866C2-3F9C-42CF-BE37-48EE4B8ADCFA}.Release|Any CPU.Build.0 = Release|Any CPU
		{834866C2-3F9C-42CF-BE37-48EE4B8ADCFA}.Release|x64.ActiveCfg = Release|Any CPU
		{834866C2-3F9C-42CF-BE37-48EE4B8ADCFA}.Release|x64.Build.0 = Release|Any CPU
		{834866C2-3F9C-42CF-BE37-48EE4B8ADCFA}.Release|x86.ActiveCfg = Release|Any CPU
		{834866C2-3F9C-42CF-BE37-48EE4B8ADCFA}.Release|x86.Build.0 = Release|Any CPU
		{F586F0B4-F27B-4559-8937-A1F4249D59A4}.Debug|Any CPU.ActiveCfg = Debug|Any CPU
		{F586F0B4-F27B-4559-8937-A1F4249D59A4}.Debug|Any CPU.Build.0 = Debug|Any CPU
		{F586F0B4-F27B-4559-8937-A1F4249D59A4}.Debug|x64.ActiveCfg = Debug|Any CPU
		{F586F0B4-F27B-4559-8937-A1F4249D59A4}.Debug|x64.Build.0 = Debug|Any CPU
		{F586F0B4-F27B-4559-8937-A1F4249D59A4}.Debug|x86.ActiveCfg = Debug|Any CPU
		{F586F0B4-F27B-4559-8937-A1F4249D59A4}.Debug|x86.Build.0 = Debug|Any CPU
		{F586F0B4-F27B-4559-8937-A1F4249D59A4}.Release|Any CPU.ActiveCfg = Release|Any CPU
		{F586F0B4-F27B-4559-8937-A1F4249D59A4}.Release|Any CPU.Build.0 = Release|Any CPU
		{F586F0B4-F27B-4559-8937-A1F4249D59A4}.Release|x64.ActiveCfg = Release|Any CPU
		{F586F0B4-F27B-4559-8937-A1F4249D59A4}.Release|x64.Build.0 = Release|Any CPU
		{F586F0B4-F27B-4559-8937-A1F4249D59A4}.Release|x86.ActiveCfg = Release|Any CPU
		{F586F0B4-F27B-4559-8937-A1F4249D59A4}.Release|x86.Build.0 = Release|Any CPU
	EndGlobalSection
	GlobalSection(SolutionProperties) = preSolution
		HideSolutionNode = FALSE
	EndGlobalSection
	GlobalSection(NestedProjects) = preSolution
		{06B8B51C-1526-FD89-AAFF-842B7F90AFB8} = {A18865C3-6676-2FA3-E463-E04DAAF66B2A}
		{0CEB7B36-2DCC-4D6D-9449-3F889A4B2435} = {06B8B51C-1526-FD89-AAFF-842B7F90AFB8}
		{EA542C7E-94D2-199C-2323-03501866AC77} = {A18865C3-6676-2FA3-E463-E04DAAF66B2A}
		{192072C5-9F1E-46DA-A03B-5A09606FC2CA} = {EA542C7E-94D2-199C-2323-03501866AC77}
		{5BAE4F9B-7175-3A91-9E28-C4FBCCE8D68B} = {A18865C3-6676-2FA3-E463-E04DAAF66B2A}
		{EA18EA23-6761-486E-B296-BDD5C67E9DFB} = {5BAE4F9B-7175-3A91-9E28-C4FBCCE8D68B}
	EndGlobalSection
	GlobalSection(ExtensibilityGlobals) = postSolution
		SolutionGuid = {F6623E71-5440-4546-8571-D66FF3D1313A}
	EndGlobalSection
EndGlobal
